{
  "name": "package.json",
  "version": "1.0.0",
  "lockfileVersion": 1,
  "requires": true,
  "dependencies": {
    "@d-fischer/cross-fetch": {
      "version": "4.0.2",
      "resolved": "https://registry.npmjs.org/@d-fischer/cross-fetch/-/cross-fetch-4.0.2.tgz",
      "integrity": "sha512-3ONhZxPmgCerBi8rU9kDQktF2zMpv7gkVJuoR8I+pYeO4QWccEcqQem0i1mLBh7/y7ejR474RZb3S3EO/Sdi3A==",
      "requires": {
        "node-fetch": "2.6.1"
      }
    },
    "@d-fischer/deprecate": {
      "version": "2.0.2",
      "resolved": "https://registry.npmjs.org/@d-fischer/deprecate/-/deprecate-2.0.2.tgz",
      "integrity": "sha512-wlw3HwEanJFJKctwLzhfOM6LKwR70FPfGZGoKOhWBKyOPXk+3a9Cc6S9zhm6tka7xKtpmfxVIReGUwPnMbIaZg=="
    },
    "@d-fischer/logger": {
      "version": "2.1.1",
      "resolved": "https://registry.npmjs.org/@d-fischer/logger/-/logger-2.1.1.tgz",
      "integrity": "sha512-E46n4a6AjSFCptzaQrw9y7FF0H2Rci4KJdi6QzjzqaGAHaxyA9IdpVcfKgpG4CCSTA0F6tD7LbgKNR0XoEHhPg==",
      "requires": {
        "detect-node": "^2.0.4",
        "tslib": "^2.0.3"
      }
    },
    "@d-fischer/portfinder": {
      "version": "1.0.28",
      "resolved": "https://registry.npmjs.org/@d-fischer/portfinder/-/portfinder-1.0.28.tgz",
      "integrity": "sha512-3H3vVhvqMBUsNx+BVcnwR1q8rDQ2IubYdqcdtNqZEJLm8yKGS8PlxgtOmIrEGRTqk9wYwUnPUAcZvCk4Lnic7Q==",
      "requires": {
        "async": "^2.6.2",
        "debug": "^3.1.1",
        "mkdirp": "^0.5.1"
      },
      "dependencies": {
        "debug": {
          "version": "3.2.7",
          "resolved": "https://registry.npmjs.org/debug/-/debug-3.2.7.tgz",
          "integrity": "sha512-CFjzYYAi4ThfiQvizrFQevTTXHtnCqWfe7x1AhgEscTz6ZbLbfoLRLPugTQyBth6f8ZERVUSyWHFD/7Wu4t1XQ==",
          "requires": {
            "ms": "^2.1.1"
          }
        },
        "ms": {
          "version": "2.1.3",
          "resolved": "https://registry.npmjs.org/ms/-/ms-2.1.3.tgz",
          "integrity": "sha512-6FlzubTLZG3J2a/NVCAleEhjzq5oxgHyaCU9yYXvcLsvoVaHJq/s5xXI6/XXP6tz7R9xAOtHnSO/tXtF3WRTlA=="
        }
      }
    },
    "@d-fischer/public-ip": {
      "version": "4.0.3",
      "resolved": "https://registry.npmjs.org/@d-fischer/public-ip/-/public-ip-4.0.3.tgz",
      "integrity": "sha512-XC9458VoRIQr0eeVaJxXkoB2VvGINh5fxB0+rSdEG9STXbCTmsX/h/9YZ9hfOwVBa4QROTQnWEFecwtkGILtTA==",
      "requires": {
        "dns-socket": "^4.2.0",
        "got": "^9.6.0",
        "is-ip": "^3.1.0"
      }
    },
    "@d-fischer/qs": {
      "version": "7.0.2",
      "resolved": "https://registry.npmjs.org/@d-fischer/qs/-/qs-7.0.2.tgz",
      "integrity": "sha512-yAu3xDooiL+ef84Jo8nLjDjWBRk7RXk163Y6aTvRB7FauYd3spQD/dWvgT7R4CrN54Juhrrc3dMY7mc+jZGurQ=="
    },
    "@d-fischer/randomstring": {
      "version": "1.1.7",
      "resolved": "https://registry.npmjs.org/@d-fischer/randomstring/-/randomstring-1.1.7.tgz",
      "integrity": "sha512-BafQmd3npXqR1rEEOBGqG68NLaPzS2KZQS9jgTiY9A31Jc6DZIaR8nwocN7TkCawo63fVdpfCmzyfKyDCcgPXA==",
      "requires": {
        "array-uniq": "1.0.2"
      }
    },
    "@d-fischer/raw-body": {
      "version": "2.4.3",
      "resolved": "https://registry.npmjs.org/@d-fischer/raw-body/-/raw-body-2.4.3.tgz",
      "integrity": "sha512-rtPTezQLROnTDdRij0Vo5OJ41aGvfKj9pQ7CkzFssQy+Jyc9BUVLV/DXLIGgvEGUaWt09Jq3im4WgvvPYqTomw==",
      "requires": {
        "bytes": "3.1.0",
        "http-errors": "1.7.3",
        "iconv-lite": "0.4.24",
        "unpipe": "1.0.0"
      }
    },
    "@d-fischer/shared-utils": {
      "version": "2.4.2",
      "resolved": "https://registry.npmjs.org/@d-fischer/shared-utils/-/shared-utils-2.4.2.tgz",
      "integrity": "sha512-th2EGPG8c6hrAPA0PmRQlwvWIVDDj+/1jitL+Dhoi414Zl6fKVKfm44xsLqIvtFm5pGJBXKQSrP+Lcyj7Akxlg==",
      "requires": {
        "@types/node": "^14.11.2",
        "tslib": "^2.0.3"
      }
    },
    "@sindresorhus/is": {
      "version": "0.14.0",
      "resolved": "https://registry.npmjs.org/@sindresorhus/is/-/is-0.14.0.tgz",
      "integrity": "sha512-9NET910DNaIPngYnLLPeg+Ogzqsi9uM4mSboU5y6p8S5DzMTVEsJZrawi+BoDNUVBa2DhJqQYUFvMDfgU062LQ=="
    },
    "@szmarczak/http-timer": {
      "version": "1.1.2",
      "resolved": "https://registry.npmjs.org/@szmarczak/http-timer/-/http-timer-1.1.2.tgz",
      "integrity": "sha512-XIB2XbzHTN6ieIjfIMV9hlVcfPU26s2vafYWQcZHWXHOxiaRZYEDKEwdl129Zyg50+foYV2jCgtrqSA6qNuNSA==",
      "requires": {
        "defer-to-connect": "^1.0.1"
      }
    },
    "@types/node": {
      "version": "14.14.16",
      "resolved": "https://registry.npmjs.org/@types/node/-/node-14.14.16.tgz",
      "integrity": "sha512-naXYePhweTi+BMv11TgioE2/FXU4fSl29HAH1ffxVciNsH3rYXjNP2yM8wqmSm7jS20gM8TIklKiTen+1iVncw=="
    },
    "array-uniq": {
      "version": "1.0.2",
      "resolved": "https://registry.npmjs.org/array-uniq/-/array-uniq-1.0.2.tgz",
      "integrity": "sha1-X8w3OSB3VyPP1k1lxkvvU7+eum0="
    },
    "async": {
      "version": "2.6.3",
      "resolved": "https://registry.npmjs.org/async/-/async-2.6.3.tgz",
      "integrity": "sha512-zflvls11DCy+dQWzTW2dzuilv8Z5X/pjfmZOWba6TNIVDm+2UDaJmXSOXlasHKfNBs8oo3M0aT50fDEWfKZjXg==",
      "requires": {
        "lodash": "^4.17.14"
      }
    },
    "bytes": {
      "version": "3.1.0",
      "resolved": "https://registry.npmjs.org/bytes/-/bytes-3.1.0.tgz",
      "integrity": "sha512-zauLjrfCG+xvoyaqLoV8bLVXXNGC4JqlxFCutSDWA6fJrTo2ZuvLYTqZ7aHBLZSMOopbzwv8f+wZcVzfVTI2Dg=="
    },
    "cacheable-request": {
      "version": "6.1.0",
      "resolved": "https://registry.npmjs.org/cacheable-request/-/cacheable-request-6.1.0.tgz",
      "integrity": "sha512-Oj3cAGPCqOZX7Rz64Uny2GYAZNliQSqfbePrgAQ1wKAihYmCUnraBtJtKcGR4xz7wF+LoJC+ssFZvv5BgF9Igg==",
      "requires": {
        "clone-response": "^1.0.2",
        "get-stream": "^5.1.0",
        "http-cache-semantics": "^4.0.0",
        "keyv": "^3.0.0",
        "lowercase-keys": "^2.0.0",
        "normalize-url": "^4.1.0",
        "responselike": "^1.0.2"
      },
      "dependencies": {
        "get-stream": {
          "version": "5.2.0",
          "resolved": "https://registry.npmjs.org/get-stream/-/get-stream-5.2.0.tgz",
          "integrity": "sha512-nBF+F1rAZVCu/p7rjzgA+Yb4lfYXrpl7a6VmJrU8wF9I1CKvP/QwPNZHnOlwbTkY6dvtFIzFMSyQXbLoTQPRpA==",
          "requires": {
            "pump": "^3.0.0"
          }
        },
        "lowercase-keys": {
          "version": "2.0.0",
          "resolved": "https://registry.npmjs.org/lowercase-keys/-/lowercase-keys-2.0.0.tgz",
          "integrity": "sha512-tqNXrS78oMOE73NMxK4EMLQsQowWf8jKooH9g7xPavRT706R6bkQJ6DY2Te7QukaZsulxa30wQ7bk0pm4XiHmA=="
        }
      }
    },
    "clone-response": {
      "version": "1.0.2",
      "resolved": "https://registry.npmjs.org/clone-response/-/clone-response-1.0.2.tgz",
      "integrity": "sha1-0dyXOSAxTfZ/vrlCI7TuNQI56Ws=",
      "requires": {
        "mimic-response": "^1.0.0"
      }
    },
    "decompress-response": {
      "version": "3.3.0",
      "resolved": "https://registry.npmjs.org/decompress-response/-/decompress-response-3.3.0.tgz",
      "integrity": "sha1-gKTdMjdIOEv6JICDYirt7Jgq3/M=",
      "requires": {
        "mimic-response": "^1.0.0"
      }
    },
    "defer-to-connect": {
      "version": "1.1.3",
      "resolved": "https://registry.npmjs.org/defer-to-connect/-/defer-to-connect-1.1.3.tgz",
      "integrity": "sha512-0ISdNousHvZT2EiFlZeZAHBUvSxmKswVCEf8hW7KWgG4a8MVEu/3Vb6uWYozkjylyCxe0JBIiRB1jV45S70WVQ=="
    },
    "depd": {
      "version": "1.1.2",
      "resolved": "https://registry.npmjs.org/depd/-/depd-1.1.2.tgz",
      "integrity": "sha1-m81S4UwJd2PnSbJ0xDRu0uVgtak="
    },
    "detect-node": {
      "version": "2.0.4",
      "resolved": "https://registry.npmjs.org/detect-node/-/detect-node-2.0.4.tgz",
      "integrity": "sha512-ZIzRpLJrOj7jjP2miAtgqIfmzbxa4ZOr5jJc601zklsfEx9oTzmmj2nVpIPRpNlRTIh8lc1kyViIY7BWSGNmKw=="
    },
    "dns-packet": {
      "version": "5.2.1",
      "resolved": "https://registry.npmjs.org/dns-packet/-/dns-packet-5.2.1.tgz",
      "integrity": "sha512-JHj2yJeKOqlxzeuYpN1d56GfhzivAxavNwHj9co3qptECel27B1rLY5PifJAvubsInX5pGLDjAHuCfCUc2Zv/w==",
      "requires": {
        "ip": "^1.1.5"
      }
    },
    "dns-socket": {
      "version": "4.2.1",
      "resolved": "https://registry.npmjs.org/dns-socket/-/dns-socket-4.2.1.tgz",
      "integrity": "sha512-fNvDq86lS522+zMbh31X8cQzYQd6xumCNlxsuZF5TKxQThF/e+rJbVM6K8mmlsdcSm6yNjKJQq3Sf38viAJj8g==",
      "requires": {
        "dns-packet": "^5.1.2"
      }
    },
    "dotenv": {
      "version": "8.2.0",
      "resolved": "https://registry.npmjs.org/dotenv/-/dotenv-8.2.0.tgz",
      "integrity": "sha512-8sJ78ElpbDJBHNeBzUbUVLsqKdccaa/BXF1uPTw3GrvQTBgrQrtObr2mUrE38vzYd8cEv+m/JBfDLioYcfXoaw=="
    },
    "duplexer3": {
      "version": "0.1.4",
      "resolved": "https://registry.npmjs.org/duplexer3/-/duplexer3-0.1.4.tgz",
      "integrity": "sha1-7gHdHKwO08vH/b6jfcCo8c4ALOI="
    },
    "end-of-stream": {
      "version": "1.4.4",
      "resolved": "https://registry.npmjs.org/end-of-stream/-/end-of-stream-1.4.4.tgz",
      "integrity": "sha512-+uw1inIHVPQoaVuHzRyXd21icM+cnt4CzD5rW+NC1wjOUSTOs+Te7FOv7AhN7vS9x/oIyhLP5PR1H+phQAHu5Q==",
      "requires": {
        "once": "^1.4.0"
      }
    },
    "fs": {
      "version": "0.0.1-security",
      "resolved": "https://registry.npmjs.org/fs/-/fs-0.0.1-security.tgz",
      "integrity": "sha1-invTcYa23d84E/I4WLV+yq9eQdQ="
    },
    "get-stream": {
      "version": "4.1.0",
      "resolved": "https://registry.npmjs.org/get-stream/-/get-stream-4.1.0.tgz",
      "integrity": "sha512-GMat4EJ5161kIy2HevLlr4luNjBgvmj413KaQA7jt4V8B4RDsfpHk7WQ9GVqfYyyx8OS/L66Kox+rJRNklLK7w==",
      "requires": {
        "pump": "^3.0.0"
      }
    },
    "got": {
      "version": "9.6.0",
      "resolved": "https://registry.npmjs.org/got/-/got-9.6.0.tgz",
      "integrity": "sha512-R7eWptXuGYxwijs0eV+v3o6+XH1IqVK8dJOEecQfTmkncw9AV4dcw/Dhxi8MdlqPthxxpZyizMzyg8RTmEsG+Q==",
      "requires": {
        "@sindresorhus/is": "^0.14.0",
        "@szmarczak/http-timer": "^1.1.2",
        "cacheable-request": "^6.0.0",
        "decompress-response": "^3.3.0",
        "duplexer3": "^0.1.4",
        "get-stream": "^4.1.0",
        "lowercase-keys": "^1.0.1",
        "mimic-response": "^1.0.1",
        "p-cancelable": "^1.0.0",
        "to-readable-stream": "^1.0.0",
        "url-parse-lax": "^3.0.0"
      }
    },
    "http-cache-semantics": {
      "version": "4.1.0",
      "resolved": "https://registry.npmjs.org/http-cache-semantics/-/http-cache-semantics-4.1.0.tgz",
      "integrity": "sha512-carPklcUh7ROWRK7Cv27RPtdhYhUsela/ue5/jKzjegVvXDqM2ILE9Q2BGn9JZJh1g87cp56su/FgQSzcWS8cQ=="
    },
    "http-errors": {
      "version": "1.7.3",
      "resolved": "https://registry.npmjs.org/http-errors/-/http-errors-1.7.3.tgz",
      "integrity": "sha512-ZTTX0MWrsQ2ZAhA1cejAwDLycFsd7I7nVtnkT3Ol0aqodaKW+0CTZDQ1uBv5whptCnc8e8HeRRJxRs0kmm/Qfw==",
      "requires": {
        "depd": "~1.1.2",
        "inherits": "2.0.4",
        "setprototypeof": "1.1.1",
        "statuses": ">= 1.5.0 < 2",
        "toidentifier": "1.0.0"
      }
    },
    "httpanda": {
      "version": "0.4.4",
      "resolved": "https://registry.npmjs.org/httpanda/-/httpanda-0.4.4.tgz",
      "integrity": "sha512-YbnQwrrzZRgPIzQrhEUO2FYKJbocSlxR2tT9ahN742+dGtoKPNQ5Dwvu3O/s6yUD7drW+f3IMgjBTzdRk9TlLg==",
      "requires": {
        "@types/node": "^14.11.2",
        "tslib": "^2.0.3"
      },
      "dependencies": {
        "@types/node": {
          "version": "14.14.16",
          "resolved": "https://registry.npmjs.org/@types/node/-/node-14.14.16.tgz",
          "integrity": "sha512-naXYePhweTi+BMv11TgioE2/FXU4fSl29HAH1ffxVciNsH3rYXjNP2yM8wqmSm7jS20gM8TIklKiTen+1iVncw=="
        }
      }
    },
    "iconv-lite": {
      "version": "0.4.24",
      "resolved": "https://registry.npmjs.org/iconv-lite/-/iconv-lite-0.4.24.tgz",
      "integrity": "sha512-v3MXnZAcvnywkTUEZomIActle7RXXeedOR31wwl7VlyoXO4Qi9arvSenNQWne1TcRwhCL1HwLI21bEqdpj8/rA==",
      "requires": {
        "safer-buffer": ">= 2.1.2 < 3"
      }
    },
    "inherits": {
      "version": "2.0.4",
      "resolved": "https://registry.npmjs.org/inherits/-/inherits-2.0.4.tgz",
      "integrity": "sha512-k/vGaX4/Yla3WzyMCvTQOXYeIHvqOKtnqBduzTHpzpQZzAskKMhZ2K+EnBiSM9zGSoIFeMpXKxa4dYeZIQqewQ=="
    },
    "ip": {
      "version": "1.1.5",
      "resolved": "https://registry.npmjs.org/ip/-/ip-1.1.5.tgz",
      "integrity": "sha1-vd7XARQpCCjAoDnnLvJfWq7ENUo="
    },
    "ip-regex": {
      "version": "4.2.0",
      "resolved": "https://registry.npmjs.org/ip-regex/-/ip-regex-4.2.0.tgz",
      "integrity": "sha512-n5cDDeTWWRwK1EBoWwRti+8nP4NbytBBY0pldmnIkq6Z55KNFmWofh4rl9dPZpj+U/nVq7gweR3ylrvMt4YZ5A=="
    },
    "is-ip": {
      "version": "3.1.0",
      "resolved": "https://registry.npmjs.org/is-ip/-/is-ip-3.1.0.tgz",
      "integrity": "sha512-35vd5necO7IitFPjd/YBeqwWnyDWbuLH9ZXQdMfDA8TEo7pv5X8yfrvVO3xbJbLUlERCMvf6X0hTUamQxCYJ9Q==",
      "requires": {
        "ip-regex": "^4.0.0"
      }
    },
    "json-buffer": {
      "version": "3.0.0",
      "resolved": "https://registry.npmjs.org/json-buffer/-/json-buffer-3.0.0.tgz",
      "integrity": "sha1-Wx85evx11ne96Lz8Dkfh+aPZqJg="
    },
    "keyv": {
      "version": "3.1.0",
      "resolved": "https://registry.npmjs.org/keyv/-/keyv-3.1.0.tgz",
      "integrity": "sha512-9ykJ/46SN/9KPM/sichzQ7OvXyGDYKGTaDlKMGCAlg2UK8KRy4jb0d8sFc+0Tt0YYnThq8X2RZgCg74RPxgcVA==",
      "requires": {
        "json-buffer": "3.0.0"
      }
    },
    "lodash": {
      "version": "4.17.20",
      "resolved": "https://registry.npmjs.org/lodash/-/lodash-4.17.20.tgz",
      "integrity": "sha512-PlhdFcillOINfeV7Ni6oF1TAEayyZBoZ8bcshTHqOYJYlrqzRK5hagpagky5o4HfCzzd1TRkXPMFq6cKk9rGmA=="
    },
    "lowercase-keys": {
      "version": "1.0.1",
      "resolved": "https://registry.npmjs.org/lowercase-keys/-/lowercase-keys-1.0.1.tgz",
      "integrity": "sha512-G2Lj61tXDnVFFOi8VZds+SoQjtQC3dgokKdDG2mTm1tx4m50NUHBOZSBwQQHyy0V12A0JTG4icfZQH+xPyh8VA=="
    },
    "mimic-response": {
      "version": "1.0.1",
      "resolved": "https://registry.npmjs.org/mimic-response/-/mimic-response-1.0.1.tgz",
      "integrity": "sha512-j5EctnkH7amfV/q5Hgmoal1g2QHFJRraOtmx0JpIqkxhBhI/lJSl1nMpQ45hVarwNETOoWEimndZ4QK0RHxuxQ=="
    },
    "minimist": {
      "version": "1.2.5",
      "resolved": "https://registry.npmjs.org/minimist/-/minimist-1.2.5.tgz",
      "integrity": "sha512-FM9nNUYrRBAELZQT3xeZQ7fmMOBg6nWNmJKTcgsJeaLstP/UODVpGsr5OhXhhXg6f+qtJ8uiZ+PUxkDWcgIXLw=="
    },
    "mkdirp": {
      "version": "0.5.5",
      "resolved": "https://registry.npmjs.org/mkdirp/-/mkdirp-0.5.5.tgz",
      "integrity": "sha512-NKmAlESf6jMGym1++R0Ra7wvhV+wFW63FaSOFPwRahvea0gMUcGUhVeAg/0BC0wiv9ih5NYPB1Wn1UEI1/L+xQ==",
      "requires": {
        "minimist": "^1.2.5"
      }
    },
    "node-fetch": {
      "version": "2.6.1",
      "resolved": "https://registry.npmjs.org/node-fetch/-/node-fetch-2.6.1.tgz",
      "integrity": "sha512-V4aYg89jEoVRxRb2fJdAg8FHvI7cEyYdVAh94HH0UIK8oJxUfkjlDQN9RbMx+bEjP7+ggMiFRprSti032Oipxw=="
    },
    "normalize-url": {
      "version": "4.5.0",
      "resolved": "https://registry.npmjs.org/normalize-url/-/normalize-url-4.5.0.tgz",
      "integrity": "sha512-2s47yzUxdexf1OhyRi4Em83iQk0aPvwTddtFz4hnSSw9dCEsLEGf6SwIO8ss/19S9iBb5sJaOuTvTGDeZI00BQ=="
    },
    "once": {
      "version": "1.4.0",
      "resolved": "https://registry.npmjs.org/once/-/once-1.4.0.tgz",
      "integrity": "sha1-WDsap3WWHUsROsF9nFC6753Xa9E=",
      "requires": {
        "wrappy": "1"
      }
    },
    "p-cancelable": {
      "version": "1.1.0",
      "resolved": "https://registry.npmjs.org/p-cancelable/-/p-cancelable-1.1.0.tgz",
      "integrity": "sha512-s73XxOZ4zpt1edZYZzvhqFa6uvQc1vwUa0K0BdtIZgQMAJj9IbebH+JkgKZc9h+B05PKHLOTl4ajG1BmNrVZlw=="
    },
    "prepend-http": {
      "version": "2.0.0",
      "resolved": "https://registry.npmjs.org/prepend-http/-/prepend-http-2.0.0.tgz",
      "integrity": "sha1-6SQ0v6XqjBn0HN/UAddBo8gZ2Jc="
    },
    "pump": {
      "version": "3.0.0",
      "resolved": "https://registry.npmjs.org/pump/-/pump-3.0.0.tgz",
      "integrity": "sha512-LwZy+p3SFs1Pytd/jYct4wpv49HiYCqd9Rlc5ZVdk0V+8Yzv6jR5Blk3TRmPL1ft69TxP0IMZGJ+WPFU2BFhww==",
      "requires": {
        "end-of-stream": "^1.1.0",
        "once": "^1.3.1"
      }
    },
    "qs": {
      "version": "6.9.4",
      "resolved": "https://registry.npmjs.org/qs/-/qs-6.9.4.tgz",
      "integrity": "sha512-A1kFqHekCTM7cz0udomYUoYNWjBebHm/5wzU/XqrBRBNWectVH0QIiN+NEcZ0Dte5hvzHwbr8+XQmguPhJ6WdQ=="
    },
    "responselike": {
      "version": "1.0.2",
      "resolved": "https://registry.npmjs.org/responselike/-/responselike-1.0.2.tgz",
      "integrity": "sha1-kYcg7ztjHFZCvgaPFa3lpG9Loec=",
      "requires": {
        "lowercase-keys": "^1.0.0"
      }
    },
    "safer-buffer": {
      "version": "2.1.2",
      "resolved": "https://registry.npmjs.org/safer-buffer/-/safer-buffer-2.1.2.tgz",
      "integrity": "sha512-YZo3K82SD7Riyi0E1EQPojLz7kpepnSQI9IyPbHHg1XXXevb5dJI7tpyN2ADxGcQbHG7vcyRHk0cbwqcQriUtg=="
    },
    "setprototypeof": {
      "version": "1.1.1",
      "resolved": "https://registry.npmjs.org/setprototypeof/-/setprototypeof-1.1.1.tgz",
      "integrity": "sha512-JvdAWfbXeIGaZ9cILp38HntZSFSo3mWg6xGcJJsd+d4aRMOqauag1C63dJfDw7OaMYwEbHMOxEZ1lqVRYP2OAw=="
    },
    "statuses": {
      "version": "1.5.0",
      "resolved": "https://registry.npmjs.org/statuses/-/statuses-1.5.0.tgz",
      "integrity": "sha1-Fhx9rBd2Wf2YEfQ3cfqZOBR4Yow="
    },
    "to-readable-stream": {
      "version": "1.0.0",
      "resolved": "https://registry.npmjs.org/to-readable-stream/-/to-readable-stream-1.0.0.tgz",
      "integrity": "sha512-Iq25XBt6zD5npPhlLVXGFN3/gyR2/qODcKNNyTMd4vbm39HUaOiAM4PMq0eMVC/Tkxz+Zjdsc55g9yyz+Yq00Q=="
    },
    "toidentifier": {
      "version": "1.0.0",
      "resolved": "https://registry.npmjs.org/toidentifier/-/toidentifier-1.0.0.tgz",
      "integrity": "sha512-yaOH/Pk/VEhBWWTlhI+qXxDFXlejDGcQipMlyxda9nthulaxLZUNcUqFxokp0vcYnvteJln5FNQDRrxj3YcbVw=="
    },
    "tslib": {
      "version": "2.0.3",
      "resolved": "https://registry.npmjs.org/tslib/-/tslib-2.0.3.tgz",
      "integrity": "sha512-uZtkfKblCEQtZKBF6EBXVZeQNl82yqtDQdv+eck8u7tdPxjLu2/lp5/uPW+um2tpuxINHWy3GhiccY7QgEaVHQ=="
    },
    "twitch-api-call": {
      "version": "4.3.8",
      "resolved": "https://registry.npmjs.org/twitch-api-call/-/twitch-api-call-4.3.8.tgz",
      "integrity": "sha512-qNFUuTaDPVmAbDUMJjkhNTomfRwPROoenx/lRhxRmb6EN4mps0tQYYLcbVBXqd27yhNZd3h3j5wgp0MfcOMx4A==",
      "requires": {
        "@d-fischer/cross-fetch": "^4.0.2",
        "@d-fischer/qs": "^7.0.2",
        "tslib": "^2.0.3"
      }
    },
    "twitch-auth": {
      "version": "4.3.8",
      "resolved": "https://registry.npmjs.org/twitch-auth/-/twitch-auth-4.3.8.tgz",
      "integrity": "sha512-TJKjhDaTFa8luojeltmM7D+s47VkuKkBSuJklKjPra3uhjfNkVwiwdyO219tatSvAcrZ77ajOCTu7cO0BcuS0Q==",
      "requires": {
        "@d-fischer/deprecate": "^2.0.2",
        "@d-fischer/logger": "^2.1.1",
        "@d-fischer/shared-utils": "^2.4.1",
        "tslib": "^2.0.3",
        "twitch-api-call": "^4.3.8"
      }
    },
    "twitch-webhooks": {
      "version": "4.3.8",
      "resolved": "https://registry.npmjs.org/twitch-webhooks/-/twitch-webhooks-4.3.8.tgz",
      "integrity": "sha512-9BCbbmZGQhSHiphtJbxDoQGW+bosNFqarjz30N+is96gsYrVWzeLEDiHX4IBklVWHDPKQu0MsY+90D2LEtb96A==",
      "requires": {
        "@d-fischer/logger": "^2.1.1",
        "@d-fischer/portfinder": "^1.0.28",
        "@d-fischer/public-ip": "^4.0.3",
        "@d-fischer/randomstring": "^1.1.7",
        "@d-fischer/raw-body": "^2.4.3",
        "@d-fischer/shared-utils": "^2.4.1",
        "httpanda": "^0.4.4",
        "tslib": "^2.0.3"
      },
      "dependencies": {
        "@d-fischer/logger": {
          "version": "2.1.1",
          "resolved": "https://registry.npmjs.org/@d-fischer/logger/-/logger-2.1.1.tgz",
          "integrity": "sha512-E46n4a6AjSFCptzaQrw9y7FF0H2Rci4KJdi6QzjzqaGAHaxyA9IdpVcfKgpG4CCSTA0F6tD7LbgKNR0XoEHhPg==",
          "requires": {
            "detect-node": "^2.0.4",
            "tslib": "^2.0.3"
          }
        },
        "@d-fischer/shared-utils": {
          "version": "2.4.2",
          "resolved": "https://registry.npmjs.org/@d-fischer/shared-utils/-/shared-utils-2.4.2.tgz",
          "integrity": "sha512-th2EGPG8c6hrAPA0PmRQlwvWIVDDj+/1jitL+Dhoi414Zl6fKVKfm44xsLqIvtFm5pGJBXKQSrP+Lcyj7Akxlg==",
          "requires": {
            "@types/node": "^14.11.2",
            "tslib": "^2.0.3"
          }
        },
        "@types/node": {
          "version": "14.14.16",
          "resolved": "https://registry.npmjs.org/@types/node/-/node-14.14.16.tgz",
          "integrity": "sha512-naXYePhweTi+BMv11TgioE2/FXU4fSl29HAH1ffxVciNsH3rYXjNP2yM8wqmSm7jS20gM8TIklKiTen+1iVncw=="
        }
      }
    },
    "unpipe": {
      "version": "1.0.0",
      "resolved": "https://registry.npmjs.org/unpipe/-/unpipe-1.0.0.tgz",
      "integrity": "sha1-sr9O6FFKrmFltIF4KdIbLvSZBOw="
    },
    "url-parse-lax": {
      "version": "3.0.0",
      "resolved": "https://registry.npmjs.org/url-parse-lax/-/url-parse-lax-3.0.0.tgz",
      "integrity": "sha1-FrXK/Afb42dsGxmZF3gj1lA6yww=",
      "requires": {
        "prepend-http": "^2.0.0"
      }
    },
    "wrappy": {
      "version": "1.0.2",
      "resolved": "https://registry.npmjs.org/wrappy/-/wrappy-1.0.2.tgz",
      "integrity": "sha1-tSQ9jz7BqjXxNkYFvA0QNuMKtp8="
    }
  }
}
